
Microsoft Visual Studio Solution File, Format Version 12.00
# Visual Studio Version 17
VisualStudioVersion = 17.8.34525.116
MinimumVisualStudioVersion = 10.0.40219.1
Project("{FAE04EC0-301F-11D3-BF4B-00C04F79EFBC}") = "ProductManagement.GUI", "ProductManagement.GUI\ProductManagement.GUI.csproj", "{81099493-F421-44F8-911F-2532DDD01F78}"
EndProject
Project("{FAE04EC0-301F-11D3-BF4B-00C04F79EFBC}") = "ProductManagement.Model", "ProductManagement.Model\ProductManagement.Model.csproj", "{261E433C-1065-4A45-AF9A-9448BDFDDFC5}"
EndProject
Project("{FAE04EC0-301F-11D3-BF4B-00C04F79EFBC}") = "ProductManagement.DAL", "ProductManagement.DAL\ProductManagement.DAL.csproj", "{017F0DFC-E913-4F8B-9B6A-8BCE1FC5A5D6}"
EndProject
Project("{FAE04EC0-301F-11D3-BF4B-00C04F79EFBC}") = "ProductManagement.BL", "ProductManagement.BL\ProductManagement.BL.csproj", "{65683FD2-D012-4B5D-B0DA-CCCB53D3A584}"
EndProject
Global
	GlobalSection(SolutionConfigurationPlatforms) = preSolution
		Debug|Any CPU = Debug|Any CPU
		Release|Any CPU = Release|Any CPU
	EndGlobalSection
	GlobalSection(ProjectConfigurationPlatforms) = postSolution
		{81099493-F421-44F8-911F-2532DDD01F78}.Debug|Any CPU.ActiveCfg = Debug|Any CPU
		{81099493-F421-44F8-911F-2532DDD01F78}.Debug|Any CPU.Build.0 = Debug|Any CPU
		{81099493-F421-44F8-911F-2532DDD01F78}.Release|Any CPU.ActiveCfg = Release|Any CPU
		{81099493-F421-44F8-911F-2532DDD01F78}.Release|Any CPU.Build.0 = Release|Any CPU
		{261E433C-1065-4A45-AF9A-9448BDFDDFC5}.Debug|Any CPU.ActiveCfg = Debug|Any CPU
		{261E433C-1065-4A45-AF9A-9448BDFDDFC5}.Debug|Any CPU.Build.0 = Debug|Any CPU
		{261E433C-1065-4A45-AF9A-9448BDFDDFC5}.Release|Any CPU.ActiveCfg = Release|Any CPU
		{261E433C-1065-4A45-AF9A-9448BDFDDFC5}.Release|Any CPU.Build.0 = Release|Any CPU
		{017F0DFC-E913-4F8B-9B6A-8BCE1FC5A5D6}.Debug|Any CPU.ActiveCfg = Debug|Any CPU
		{017F0DFC-E913-4F8B-9B6A-8BCE1FC5A5D6}.Debug|Any CPU.Build.0 = Debug|Any CPU
		{017F0DFC-E913-4F8B-9B6A-8BCE1FC5A5D6}.Release|Any CPU.ActiveCfg = Release|Any CPU
		{017F0DFC-E913-4F8B-9B6A-8BCE1FC5A5D6}.Release|Any CPU.Build.0 = Release|Any CPU
		{65683FD2-D012-4B5D-B0DA-CCCB53D3A584}.Debug|Any CPU.ActiveCfg = Debug|Any CPU
		{65683FD2-D012-4B5D-B0DA-CCCB53D3A584}.Debug|Any CPU.Build.0 = Debug|Any CPU
		{65683FD2-D012-4B5D-B0DA-CCCB53D3A584}.Release|Any CPU.ActiveCfg = Release|Any CPU
		{65683FD2-D012-4B5D-B0DA-CCCB53D3A584}.Release|Any CPU.Build.0 = Release|Any CPU
	EndGlobalSection
	GlobalSection(SolutionProperties) = preSolution
		HideSolutionNode = FALSE
	EndGlobalSection
	GlobalSection(ExtensibilityGlobals) = postSolution
		SolutionGuid = {ECDC0637-8EAC-4AA8-AC8E-8F230AC0377A}
	EndGlobalSection
EndGlobal
